
Microsoft Visual Studio Solution File, Format Version 12.00
# Visual Studio Version 17
VisualStudioVersion = 17.5.002.0
MinimumVisualStudioVersion = 10.0.40219.1
Project("{9A19103F-16F7-4668-BE54-9A1E7A4F7556}") = "SchoolManagement.MvC", "SchoolManagement.MvC\SchoolManagement.MvC.csproj", "{038F2174-EE7D-4924-855D-9C51605F4774}"
EndProject
Global
	GlobalSection(SolutionConfigurationPlatforms) = preSolution
		Debug|Any CPU = Debug|Any CPU
		Release|Any CPU = Release|Any CPU
	EndGlobalSection
	GlobalSection(ProjectConfigurationPlatforms) = postSolution
		{038F2174-EE7D-4924-855D-9C51605F4774}.Debug|Any CPU.ActiveCfg = Debug|Any CPU
		{038F2174-EE7D-4924-855D-9C51605F4774}.Debug|Any CPU.Build.0 = Debug|Any CPU
		{038F2174-EE7D-4924-855D-9C51605F4774}.Release|Any CPU.ActiveCfg = Release|Any CPU
		{038F2174-EE7D-4924-855D-9C51605F4774}.Release|Any CPU.Build.0 = Release|Any CPU
	EndGlobalSection
	GlobalSection(SolutionProperties) = preSolution
		HideSolutionNode = FALSE
	EndGlobalSection
	GlobalSection(ExtensibilityGlobals) = postSolution
		SolutionGuid = {9DDFF902-EF99-40E1-A9C7-955AE3BAA49F}
	EndGlobalSection
EndGlobal
